
Microsoft Visual Studio Solution File, Format Version 12.00
# Visual Studio Version 16
VisualStudioVersion = 16.0.31321.278
MinimumVisualStudioVersion = 10.0.40219.1
Project("{FAE04EC0-301F-11D3-BF4B-00C04F79EFBC}") = "AppGallery.UWP", "AppGallery\AppGallery.UWP\AppGallery.UWP.csproj", "{64C99A06-389C-40B3-B571-2FABDE1AA9CB}"
EndProject
Project("{FAE04EC0-301F-11D3-BF4B-00C04F79EFBC}") = "AppGallery.Android", "AppGallery\AppGallery.Android\AppGallery.Android.csproj", "{6D2B8A8E-949A-416D-B7CF-5FA8781ECA09}"
EndProject
Project("{FAE04EC0-301F-11D3-BF4B-00C04F79EFBC}") = "AppGallery.iOS", "AppGallery\AppGallery.iOS\AppGallery.iOS.csproj", "{9E25AFB4-84F0-47FF-91A7-483D6702EAF2}"
EndProject
Project("{FAE04EC0-301F-11D3-BF4B-00C04F79EFBC}") = "AppGallery", "AppGallery\AppGallery\AppGallery.csproj", "{5D6C1EB2-B5D9-421E-9B87-8A2AECF1F032}"
EndProject
Global
	GlobalSection(SolutionConfigurationPlatforms) = preSolution
		Debug|Any CPU = Debug|Any CPU
		Debug|ARM = Debug|ARM
		Debug|iPhone = Debug|iPhone
		Debug|iPhoneSimulator = Debug|iPhoneSimulator
		Debug|x64 = Debug|x64
		Debug|x86 = Debug|x86
		Release|Any CPU = Release|Any CPU
		Release|ARM = Release|ARM
		Release|iPhone = Release|iPhone
		Release|iPhoneSimulator = Release|iPhoneSimulator
		Release|x64 = Release|x64
		Release|x86 = Release|x86
	EndGlobalSection
	GlobalSection(ProjectConfigurationPlatforms) = postSolution
		{64C99A06-389C-40B3-B571-2FABDE1AA9CB}.Debug|Any CPU.ActiveCfg = Debug|x86
		{64C99A06-389C-40B3-B571-2FABDE1AA9CB}.Debug|Any CPU.Build.0 = Debug|x86
		{64C99A06-389C-40B3-B571-2FABDE1AA9CB}.Debug|Any CPU.Deploy.0 = Debug|x86
		{64C99A06-389C-40B3-B571-2FABDE1AA9CB}.Debug|ARM.ActiveCfg = Debug|ARM
		{64C99A06-389C-40B3-B571-2FABDE1AA9CB}.Debug|ARM.Build.0 = Debug|ARM
		{64C99A06-389C-40B3-B571-2FABDE1AA9CB}.Debug|ARM.Deploy.0 = Debug|ARM
		{64C99A06-389C-40B3-B571-2FABDE1AA9CB}.Debug|iPhone.ActiveCfg = Debug|x86
		{64C99A06-389C-40B3-B571-2FABDE1AA9CB}.Debug|iPhone.Build.0 = Debug|x86
		{64C99A06-389C-40B3-B571-2FABDE1AA9CB}.Debug|iPhone.Deploy.0 = Debug|x86
		{64C99A06-389C-40B3-B571-2FABDE1AA9CB}.Debug|iPhoneSimulator.ActiveCfg = Debug|x86
		{64C99A06-389C-40B3-B571-2FABDE1AA9CB}.Debug|iPhoneSimulator.Build.0 = Debug|x86
		{64C99A06-389C-40B3-B571-2FABDE1AA9CB}.Debug|iPhoneSimulator.Deploy.0 = Debug|x86
		{64C99A06-389C-40B3-B571-2FABDE1AA9CB}.Debug|x64.ActiveCfg = Debug|x64
		{64C99A06-389C-40B3-B571-2FABDE1AA9CB}.Debug|x64.Build.0 = Debug|x64
		{64C99A06-389C-40B3-B571-2FABDE1AA9CB}.Debug|x64.Deploy.0 = Debug|x64
		{64C99A06-389C-40B3-B571-2FABDE1AA9CB}.Debug|x86.ActiveCfg = Debug|x86
		{64C99A06-389C-40B3-B571-2FABDE1AA9CB}.Debug|x86.Build.0 = Debug|x86
		{64C99A06-389C-40B3-B571-2FABDE1AA9CB}.Debug|x86.Deploy.0 = Debug|x86
		{64C99A06-389C-40B3-B571-2FABDE1AA9CB}.Release|Any CPU.ActiveCfg = Release|x86
		{64C99A06-389C-40B3-B571-2FABDE1AA9CB}.Release|Any CPU.Build.0 = Release|x86
		{64C99A06-389C-40B3-B571-2FABDE1AA9CB}.Release|Any CPU.Deploy.0 = Release|x86
		{64C99A06-389C-40B3-B571-2FABDE1AA9CB}.Release|ARM.ActiveCfg = Release|ARM
		{64C99A06-389C-40B3-B571-2FABDE1AA9CB}.Release|ARM.Build.0 = Release|ARM
		{64C99A06-389C-40B3-B571-2FABDE1AA9CB}.Release|ARM.Deploy.0 = Release|ARM
		{64C99A06-389C-40B3-B571-2FABDE1AA9CB}.Release|iPhone.ActiveCfg = Release|x86
		{64C99A06-389C-40B3-B571-2FABDE1AA9CB}.Release|iPhone.Build.0 = Release|x86
		{64C99A06-389C-40B3-B571-2FABDE1AA9CB}.Release|iPhone.Deploy.0 = Release|x86
		{64C99A06-389C-40B3-B571-2FABDE1AA9CB}.Release|iPhoneSimulator.ActiveCfg = Release|x86
		{64C99A06-389C-40B3-B571-2FABDE1AA9CB}.Release|iPhoneSimulator.Build.0 = Release|x86
		{64C99A06-389C-40B3-B571-2FABDE1AA9CB}.Release|iPhoneSimulator.Deploy.0 = Release|x86
		{64C99A06-389C-40B3-B571-2FABDE1AA9CB}.Release|x64.ActiveCfg = Release|x64
		{64C99A06-389C-40B3-B571-2FABDE1AA9CB}.Release|x64.Build.0 = Release|x64
		{64C99A06-389C-40B3-B571-2FABDE1AA9CB}.Release|x64.Deploy.0 = Release|x64
		{64C99A06-389C-40B3-B571-2FABDE1AA9CB}.Release|x86.ActiveCfg = Release|x86
		{64C99A06-389C-40B3-B571-2FABDE1AA9CB}.Release|x86.Build.0 = Release|x86
		{64C99A06-389C-40B3-B571-2FABDE1AA9CB}.Release|x86.Deploy.0 = Release|x86
		{6D2B8A8E-949A-416D-B7CF-5FA8781ECA09}.Debug|Any CPU.ActiveCfg = Debug|Any CPU
		{6D2B8A8E-949A-416D-B7CF-5FA8781ECA09}.Debug|Any CPU.Build.0 = Debug|Any CPU
		{6D2B8A8E-949A-416D-B7CF-5FA8781ECA09}.Debug|Any CPU.Deploy.0 = Debug|Any CPU
		{6D2B8A8E-949A-416D-B7CF-5FA8781ECA09}.Debug|ARM.ActiveCfg = Debug|Any CPU
		{6D2B8A8E-949A-416D-B7CF-5FA8781ECA09}.Debug|ARM.Build.0 = Debug|Any CPU
		{6D2B8A8E-949A-416D-B7CF-5FA8781ECA09}.Debug|ARM.Deploy.0 = Debug|Any CPU
		{6D2B8A8E-949A-416D-B7CF-5FA8781ECA09}.Debug|iPhone.ActiveCfg = Debug|Any CPU
		{6D2B8A8E-949A-416D-B7CF-5FA8781ECA09}.Debug|iPhone.Build.0 = Debug|Any CPU
		{6D2B8A8E-949A-416D-B7CF-5FA8781ECA09}.Debug|iPhone.Deploy.0 = Debug|Any CPU
		{6D2B8A8E-949A-416D-B7CF-5FA8781ECA09}.Debug|iPhoneSimulator.ActiveCfg = Debug|Any CPU
		{6D2B8A8E-949A-416D-B7CF-5FA8781ECA09}.Debug|iPhoneSimulator.Build.0 = Debug|Any CPU
		{6D2B8A8E-949A-416D-B7CF-5FA8781ECA09}.Debug|iPhoneSimulator.Deploy.0 = Debug|Any CPU
		{6D2B8A8E-949A-416D-B7CF-5FA8781ECA09}.Debug|x64.ActiveCfg = Debug|Any CPU
		{6D2B8A8E-949A-416D-B7CF-5FA8781ECA09}.Debug|x64.Build.0 = Debug|Any CPU
		{6D2B8A8E-949A-416D-B7CF-5FA8781ECA09}.Debug|x64.Deploy.0 = Debug|Any CPU
		{6D2B8A8E-949A-416D-B7CF-5FA8781ECA09}.Debug|x86.ActiveCfg = Debug|Any CPU
		{6D2B8A8E-949A-416D-B7CF-5FA8781ECA09}.Debug|x86.Build.0 = Debug|Any CPU
		{6D2B8A8E-949A-416D-B7CF-5FA8781ECA09}.Debug|x86.Deploy.0 = Debug|Any CPU
		{6D2B8A8E-949A-416D-B7CF-5FA8781ECA09}.Release|Any CPU.ActiveCfg = Release|Any CPU
		{6D2B8A8E-949A-416D-B7CF-5FA8781ECA09}.Release|Any CPU.Build.0 = Release|Any CPU
		{6D2B8A8E-949A-416D-B7CF-5FA8781ECA09}.Release|Any CPU.Deploy.0 = Release|Any CPU
		{6D2B8A8E-949A-416D-B7CF-5FA8781ECA09}.Release|ARM.ActiveCfg = Release|Any CPU
		{6D2B8A8E-949A-416D-B7CF-5FA8781ECA09}.Release|ARM.Build.0 = Release|Any CPU
		{6D2B8A8E-949A-416D-B7CF-5FA8781ECA09}.Release|ARM.Deploy.0 = Release|Any CPU
		{6D2B8A8E-949A-416D-B7CF-5FA8781ECA09}.Release|iPhone.ActiveCfg = Release|Any CPU
		{6D2B8A8E-949A-416D-B7CF-5FA8781ECA09}.Release|iPhone.Build.0 = Release|Any CPU
		{6D2B8A8E-949A-416D-B7CF-5FA8781ECA09}.Release|iPhone.Deploy.0 = Release|Any CPU
		{6D2B8A8E-949A-416D-B7CF-5FA8781ECA09}.Release|iPhoneSimulator.ActiveCfg = Release|Any CPU
		{6D2B8A8E-949A-416D-B7CF-5FA8781ECA09}.Release|iPhoneSimulator.Build.0 = Release|Any CPU
		{6D2B8A8E-949A-416D-B7CF-5FA8781ECA09}.Release|iPhoneSimulator.Deploy.0 = Release|Any CPU
		{6D2B8A8E-949A-416D-B7CF-5FA8781ECA09}.Release|x64.ActiveCfg = Release|Any CPU
		{6D2B8A8E-949A-416D-B7CF-5FA8781ECA09}.Release|x64.Build.0 = Release|Any CPU
		{6D2B8A8E-949A-416D-B7CF-5FA8781ECA09}.Release|x64.Deploy.0 = Release|Any CPU
		{6D2B8A8E-949A-416D-B7CF-5FA8781ECA09}.Release|x86.ActiveCfg = Release|Any CPU
		{6D2B8A8E-949A-416D-B7CF-5FA8781ECA09}.Release|x86.Build.0 = Release|Any CPU
		{6D2B8A8E-949A-416D-B7CF-5FA8781ECA09}.Release|x86.Deploy.0 = Release|Any CPU
		{9E25AFB4-84F0-47FF-91A7-483D6702EAF2}.Debug|Any CPU.ActiveCfg = Debug|iPhoneSimulator
		{9E25AFB4-84F0-47FF-91A7-483D6702EAF2}.Debug|Any CPU.Build.0 = Debug|iPhoneSimulator
		{9E25AFB4-84F0-47FF-91A7-483D6702EAF2}.Debug|Any CPU.Deploy.0 = Debug|iPhoneSimulator
		{9E25AFB4-84F0-47FF-91A7-483D6702EAF2}.Debug|ARM.ActiveCfg = Debug|iPhone
		{9E25AFB4-84F0-47FF-91A7-483D6702EAF2}.Debug|ARM.Build.0 = Debug|iPhone
		{9E25AFB4-84F0-47FF-91A7-483D6702EAF2}.Debug|ARM.Deploy.0 = Debug|iPhone
		{9E25AFB4-84F0-47FF-91A7-483D6702EAF2}.Debug|iPhone.ActiveCfg = Debug|iPhone
		{9E25AFB4-84F0-47FF-91A7-483D6702EAF2}.Debug|iPhone.Build.0 = Debug|iPhone
		{9E25AFB4-84F0-47FF-91A7-483D6702EAF2}.Debug|iPhone.Deploy.0 = Debug|iPhone
		{9E25AFB4-84F0-47FF-91A7-483D6702EAF2}.Debug|iPhoneSimulator.ActiveCfg = Debug|iPhoneSimulator
		{9E25AFB4-84F0-47FF-91A7-483D6702EAF2}.Debug|iPhoneSimulator.Build.0 = Debug|iPhoneSimulator
		{9E25AFB4-84F0-47FF-91A7-483D6702EAF2}.Debug|iPhoneSimulator.Deploy.0 = Debug|iPhoneSimulator
		{9E25AFB4-84F0-47FF-91A7-483D6702EAF2}.Debug|x64.ActiveCfg = Debug|iPhoneSimulator
		{9E25AFB4-84F0-47FF-91A7-483D6702EAF2}.Debug|x64.Build.0 = Debug|iPhoneSimulator
		{9E25AFB4-84F0-47FF-91A7-483D6702EAF2}.Debug|x64.Deploy.0 = Debug|iPhoneSimulator
		{9E25AFB4-84F0-47FF-91A7-483D6702EAF2}.Debug|x86.ActiveCfg = Debug|iPhoneSimulator
		{9E25AFB4-84F0-47FF-91A7-483D6702EAF2}.Debug|x86.Build.0 = Debug|iPhoneSimulator
		{9E25AFB4-84F0-47FF-91A7-483D6702EAF2}.Debug|x86.Deploy.0 = Debug|iPhoneSimulator
		{9E25AFB4-84F0-47FF-91A7-483D6702EAF2}.Release|Any CPU.ActiveCfg = Release|iPhoneSimulator
		{9E25AFB4-84F0-47FF-91A7-483D6702EAF2}.Release|Any CPU.Build.0 = Release|iPhoneSimulator
		{9E25AFB4-84F0-47FF-91A7-483D6702EAF2}.Release|Any CPU.Deploy.0 = Release|iPhoneSimulator
		{9E25AFB4-84F0-47FF-91A7-483D6702EAF2}.Release|ARM.ActiveCfg = Release|iPhoneSimulator
		{9E25AFB4-84F0-47FF-91A7-483D6702EAF2}.Release|ARM.Build.0 = Release|iPhoneSimulator
		{9E25AFB4-84F0-47FF-91A7-483D6702EAF2}.Release|ARM.Deploy.0 = Release|iPhoneSimulator
		{9E25AFB4-84F0-47FF-91A7-483D6702EAF2}.Release|iPhone.ActiveCfg = Release|iPhone
		{9E25AFB4-84F0-47FF-91A7-483D6702EAF2}.Release|iPhone.Build.0 = Release|iPhone
		{9E25AFB4-84F0-47FF-91A7-483D6702EAF2}.Release|iPhone.Deploy.0 = Release|iPhone
		{9E25AFB4-84F0-47FF-91A7-483D6702EAF2}.Release|iPhoneSimulator.ActiveCfg = Release|iPhoneSimulator
		{9E25AFB4-84F0-47FF-91A7-483D6702EAF2}.Release|iPhoneSimulator.Build.0 = Release|iPhoneSimulator
		{9E25AFB4-84F0-47FF-91A7-483D6702EAF2}.Release|iPhoneSimulator.Deploy.0 = Release|iPhoneSimulator
		{9E25AFB4-84F0-47FF-91A7-483D6702EAF2}.Release|x64.ActiveCfg = Release|iPhoneSimulator
		{9E25AFB4-84F0-47FF-91A7-483D6702EAF2}.Release|x64.Build.0 = Release|iPhoneSimulator
		{9E25AFB4-84F0-47FF-91A7-483D6702EAF2}.Release|x64.Deploy.0 = Release|iPhoneSimulator
		{9E25AFB4-84F0-47FF-91A7-483D6702EAF2}.Release|x86.ActiveCfg = Release|iPhoneSimulator
		{9E25AFB4-84F0-47FF-91A7-483D6702EAF2}.Release|x86.Build.0 = Release|iPhoneSimulator
		{9E25AFB4-84F0-47FF-91A7-483D6702EAF2}.Release|x86.Deploy.0 = Release|iPhoneSimulator
		{5D6C1EB2-B5D9-421E-9B87-8A2AECF1F032}.Debug|Any CPU.ActiveCfg = Debug|Any CPU
		{5D6C1EB2-B5D9-421E-9B87-8A2AECF1F032}.Debug|Any CPU.Build.0 = Debug|Any CPU
		{5D6C1EB2-B5D9-421E-9B87-8A2AECF1F032}.Debug|Any CPU.Deploy.0 = Debug|Any CPU
		{5D6C1EB2-B5D9-421E-9B87-8A2AECF1F032}.Debug|ARM.ActiveCfg = Debug|Any CPU
		{5D6C1EB2-B5D9-421E-9B87-8A2AECF1F032}.Debug|ARM.Build.0 = Debug|Any CPU
		{5D6C1EB2-B5D9-421E-9B87-8A2AECF1F032}.Debug|ARM.Deploy.0 = Debug|Any CPU
		{5D6C1EB2-B5D9-421E-9B87-8A2AECF1F032}.Debug|iPhone.ActiveCfg = Debug|Any CPU
		{5D6C1EB2-B5D9-421E-9B87-8A2AECF1F032}.Debug|iPhone.Build.0 = Debug|Any CPU
		{5D6C1EB2-B5D9-421E-9B87-8A2AECF1F032}.Debug|iPhone.Deploy.0 = Debug|Any CPU
		{5D6C1EB2-B5D9-421E-9B87-8A2AECF1F032}.Debug|iPhoneSimulator.ActiveCfg = Debug|Any CPU
		{5D6C1EB2-B5D9-421E-9B87-8A2AECF1F032}.Debug|iPhoneSimulator.Build.0 = Debug|Any CPU
		{5D6C1EB2-B5D9-421E-9B87-8A2AECF1F032}.Debug|iPhoneSimulator.Deploy.0 = Debug|Any CPU
		{5D6C1EB2-B5D9-421E-9B87-8A2AECF1F032}.Debug|x64.ActiveCfg = Debug|Any CPU
		{5D6C1EB2-B5D9-421E-9B87-8A2AECF1F032}.Debug|x64.Build.0 = Debug|Any CPU
		{5D6C1EB2-B5D9-421E-9B87-8A2AECF1F032}.Debug|x64.Deploy.0 = Debug|Any CPU
		{5D6C1EB2-B5D9-421E-9B87-8A2AECF1F032}.Debug|x86.ActiveCfg = Debug|Any CPU
		{5D6C1EB2-B5D9-421E-9B87-8A2AECF1F032}.Debug|x86.Build.0 = Debug|Any CPU
		{5D6C1EB2-B5D9-421E-9B87-8A2AECF1F032}.Debug|x86.Deploy.0 = Debug|Any CPU
		{5D6C1EB2-B5D9-421E-9B87-8A2AECF1F032}.Release|Any CPU.ActiveCfg = Release|Any CPU
		{5D6C1EB2-B5D9-421E-9B87-8A2AECF1F032}.Release|Any CPU.Build.0 = Release|Any CPU
		{5D6C1EB2-B5D9-421E-9B87-8A2AECF1F032}.Release|Any CPU.Deploy.0 = Release|Any CPU
		{5D6C1EB2-B5D9-421E-9B87-8A2AECF1F032}.Release|ARM.ActiveCfg = Release|Any CPU
		{5D6C1EB2-B5D9-421E-9B87-8A2AECF1F032}.Release|ARM.Build.0 = Release|Any CPU
		{5D6C1EB2-B5D9-421E-9B87-8A2AECF1F032}.Release|ARM.Deploy.0 = Release|Any CPU
		{5D6C1EB2-B5D9-421E-9B87-8A2AECF1F032}.Release|iPhone.ActiveCfg = Release|Any CPU
		{5D6C1EB2-B5D9-421E-9B87-8A2AECF1F032}.Release|iPhone.Build.0 = Release|Any CPU
		{5D6C1EB2-B5D9-421E-9B87-8A2AECF1F032}.Release|iPhone.Deploy.0 = Release|Any CPU
		{5D6C1EB2-B5D9-421E-9B87-8A2AECF1F032}.Release|iPhoneSimulator.ActiveCfg = Release|Any CPU
		{5D6C1EB2-B5D9-421E-9B87-8A2AECF1F032}.Release|iPhoneSimulator.Build.0 = Release|Any CPU
		{5D6C1EB2-B5D9-421E-9B87-8A2AECF1F032}.Release|iPhoneSimulator.Deploy.0 = Release|Any CPU
		{5D6C1EB2-B5D9-421E-9B87-8A2AECF1F032}.Release|x64.ActiveCfg = Release|Any CPU
		{5D6C1EB2-B5D9-421E-9B87-8A2AECF1F032}.Release|x64.Build.0 = Release|Any CPU
		{5D6C1EB2-B5D9-421E-9B87-8A2AECF1F032}.Release|x64.Deploy.0 = Release|Any CPU
		{5D6C1EB2-B5D9-421E-9B87-8A2AECF1F032}.Release|x86.ActiveCfg = Release|Any CPU
		{5D6C1EB2-B5D9-421E-9B87-8A2AECF1F032}.Release|x86.Build.0 = Release|Any CPU
		{5D6C1EB2-B5D9-421E-9B87-8A2AECF1F032}.Release|x86.Deploy.0 = Release|Any CPU
	EndGlobalSection
	GlobalSection(SolutionProperties) = preSolution
		HideSolutionNode = FALSE
	EndGlobalSection
	GlobalSection(ExtensibilityGlobals) = postSolution
		SolutionGuid = {705E2A55-C769-4A35-B312-70F5AB449DFF}
	EndGlobalSection
EndGlobal
